
Microsoft Visual Studio Solution File, Format Version 12.00
# Visual Studio 15
VisualStudioVersion = 15.0.28010.2050
MinimumVisualStudioVersion = 10.0.40219.1
Project("{9A19103F-16F7-4668-BE54-9A1E7A4F7556}") = "WebAssistedSurvey", "WebAssistedSurvey\WebAssistedSurvey.csproj", "{DD85E229-223D-49CE-8FB9-CDEBBC0D077C}"
EndProject
Project("{FAE04EC0-301F-11D3-BF4B-00C04F79EFBC}") = "WebAssistedSurvey.Service", "WebAssistedSurvey.Service\WebAssistedSurvey.Service.csproj", "{F2A1F642-1E69-4F86-9505-E7C1308E06F7}"
EndProject
Global
	GlobalSection(SolutionConfigurationPlatforms) = preSolution
		Debug|Any CPU = Debug|Any CPU
		Release|Any CPU = Release|Any CPU
	EndGlobalSection
	GlobalSection(ProjectConfigurationPlatforms) = postSolution
		{DD85E229-223D-49CE-8FB9-CDEBBC0D077C}.Debug|Any CPU.ActiveCfg = Debug|Any CPU
		{DD85E229-223D-49CE-8FB9-CDEBBC0D077C}.Debug|Any CPU.Build.0 = Debug|Any CPU
		{DD85E229-223D-49CE-8FB9-CDEBBC0D077C}.Release|Any CPU.ActiveCfg = Release|Any CPU
		{DD85E229-223D-49CE-8FB9-CDEBBC0D077C}.Release|Any CPU.Build.0 = Release|Any CPU
		{F2A1F642-1E69-4F86-9505-E7C1308E06F7}.Debug|Any CPU.ActiveCfg = Debug|Any CPU
		{F2A1F642-1E69-4F86-9505-E7C1308E06F7}.Debug|Any CPU.Build.0 = Debug|Any CPU
		{F2A1F642-1E69-4F86-9505-E7C1308E06F7}.Release|Any CPU.ActiveCfg = Release|Any CPU
		{F2A1F642-1E69-4F86-9505-E7C1308E06F7}.Release|Any CPU.Build.0 = Release|Any CPU
	EndGlobalSection
	GlobalSection(SolutionProperties) = preSolution
		HideSolutionNode = FALSE
	EndGlobalSection
	GlobalSection(ExtensibilityGlobals) = postSolution
		SolutionGuid = {E3ACA0F2-3221-4485-A457-81556C876C14}
	EndGlobalSection
EndGlobal
